// !$*UTF8*$!
{
	archiveVersion = 1;
	classes = {
	};
	objectVersion = 56;
	objects = {

/* Begin PBXBuildFile section */
		4C3AA70C2BE163A2006E836A /* HistoryPage.swift in Sources */ = {isa = PBXBuildFile; fileRef = 4C3AA70B2BE163A2006E836A /* HistoryPage.swift */; };
		4C84F3B52BD927A700AEB7A9 /* OnboardingView.swift in Sources */ = {isa = PBXBuildFile; fileRef = 4C84F3B42BD927A700AEB7A9 /* OnboardingView.swift */; };
		4C84F3B82BD92A0F00AEB7A9 /* color.swift in Sources */ = {isa = PBXBuildFile; fileRef = 4C84F3B72BD92A0F00AEB7A9 /* color.swift */; };
		4C84F3BA2BDA09E700AEB7A9 /* BooklistView.swift in Sources */ = {isa = PBXBuildFile; fileRef = 4C84F3B92BDA09E700AEB7A9 /* BooklistView.swift */; };
		4C84F3BC2BDA0D4700AEB7A9 /* UserListView.swift in Sources */ = {isa = PBXBuildFile; fileRef = 4C84F3BB2BDA0D4700AEB7A9 /* UserListView.swift */; };
		4C84F3BF2BDA175200AEB7A9 /* SDWebImageSwiftUI in Frameworks */ = {isa = PBXBuildFile; productRef = 4C84F3BE2BDA175200AEB7A9 /* SDWebImageSwiftUI */; };
		4C84F3C12BDA17FD00AEB7A9 /* BookImageLoader.swift in Sources */ = {isa = PBXBuildFile; fileRef = 4C84F3C02BDA17FD00AEB7A9 /* BookImageLoader.swift */; };
		4C84F3C32BDA24D100AEB7A9 /* ExplorePageView.swift in Sources */ = {isa = PBXBuildFile; fileRef = 4C84F3C22BDA24D100AEB7A9 /* ExplorePageView.swift */; };
		4C84F3C52BDAD4B700AEB7A9 /* BookDetailsView.swift in Sources */ = {isa = PBXBuildFile; fileRef = 4C84F3C42BDAD4B700AEB7A9 /* BookDetailsView.swift */; };
		4C84F3C72BDBB53A00AEB7A9 /* BorrowPageUI.swift in Sources */ = {isa = PBXBuildFile; fileRef = 4C84F3C62BDBB53A00AEB7A9 /* BorrowPageUI.swift */; };
		4C84F3CF2BDF73BB00AEB7A9 /* newColor.swift in Sources */ = {isa = PBXBuildFile; fileRef = 4C84F3CE2BDF73BB00AEB7A9 /* newColor.swift */; };
		4C84F3D12BE0159400AEB7A9 /* Tab_Bar.swift in Sources */ = {isa = PBXBuildFile; fileRef = 4C84F3D02BE0159400AEB7A9 /* Tab_Bar.swift */; };
		4C84F3D32BE021EE00AEB7A9 /* demoPage.swift in Sources */ = {isa = PBXBuildFile; fileRef = 4C84F3D22BE021EE00AEB7A9 /* demoPage.swift */; };
		4CCCDC122BD7A86100FFF854 /* colors.swift in Sources */ = {isa = PBXBuildFile; fileRef = 4CCCDC112BD7A86100FFF854 /* colors.swift */; };
		4CCCDC182BD9061500FFF854 /* SignUpView.swift in Sources */ = {isa = PBXBuildFile; fileRef = 4CCCDC172BD9061500FFF854 /* SignUpView.swift */; };
		4CCCDC1A2BD9062C00FFF854 /* LoginView.swift in Sources */ = {isa = PBXBuildFile; fileRef = 4CCCDC192BD9062C00FFF854 /* LoginView.swift */; };
		4CCCDC1E2BD910E600FFF854 /* PreLoginView.swift in Sources */ = {isa = PBXBuildFile; fileRef = 4CCCDC1D2BD910E600FFF854 /* PreLoginView.swift */; };
		4CEFCA622BD62EAF00CC0B4F /* FirebaseAnalytics in Frameworks */ = {isa = PBXBuildFile; productRef = 4CEFCA612BD62EAF00CC0B4F /* FirebaseAnalytics */; };
		4CEFCA642BD62EAF00CC0B4F /* FirebaseAnalyticsOnDeviceConversion in Frameworks */ = {isa = PBXBuildFile; productRef = 4CEFCA632BD62EAF00CC0B4F /* FirebaseAnalyticsOnDeviceConversion */; };
		4CEFCA662BD62EAF00CC0B4F /* FirebaseAnalyticsSwift in Frameworks */ = {isa = PBXBuildFile; productRef = 4CEFCA652BD62EAF00CC0B4F /* FirebaseAnalyticsSwift */; };
		4CEFCA682BD62EAF00CC0B4F /* FirebaseAnalyticsWithoutAdIdSupport in Frameworks */ = {isa = PBXBuildFile; productRef = 4CEFCA672BD62EAF00CC0B4F /* FirebaseAnalyticsWithoutAdIdSupport */; };
		4CEFCA6A2BD62EAF00CC0B4F /* FirebaseAppCheck in Frameworks */ = {isa = PBXBuildFile; productRef = 4CEFCA692BD62EAF00CC0B4F /* FirebaseAppCheck */; };
		4CEFCA6C2BD62EAF00CC0B4F /* FirebaseAuth in Frameworks */ = {isa = PBXBuildFile; productRef = 4CEFCA6B2BD62EAF00CC0B4F /* FirebaseAuth */; };
		4CEFCA6E2BD62EAF00CC0B4F /* FirebaseCrashlytics in Frameworks */ = {isa = PBXBuildFile; productRef = 4CEFCA6D2BD62EAF00CC0B4F /* FirebaseCrashlytics */; };
		4CEFCA702BD62EAF00CC0B4F /* FirebaseDatabase in Frameworks */ = {isa = PBXBuildFile; productRef = 4CEFCA6F2BD62EAF00CC0B4F /* FirebaseDatabase */; };
		4CEFCA722BD62EAF00CC0B4F /* FirebaseDatabaseSwift in Frameworks */ = {isa = PBXBuildFile; productRef = 4CEFCA712BD62EAF00CC0B4F /* FirebaseDatabaseSwift */; };
		4CEFCA742BD62EAF00CC0B4F /* FirebaseFirestore in Frameworks */ = {isa = PBXBuildFile; productRef = 4CEFCA732BD62EAF00CC0B4F /* FirebaseFirestore */; };
		4CEFCA762BD62EAF00CC0B4F /* FirebaseFirestoreSwift in Frameworks */ = {isa = PBXBuildFile; productRef = 4CEFCA752BD62EAF00CC0B4F /* FirebaseFirestoreSwift */; };
		4CEFCA802BD636B700CC0B4F /* SignInView.swift in Sources */ = {isa = PBXBuildFile; fileRef = 4CEFCA7F2BD636B700CC0B4F /* SignInView.swift */; };
		841CDEAD2BE3592E00DB8E45 /* RequestsPage.swift in Sources */ = {isa = PBXBuildFile; fileRef = 841CDEAC2BE3592E00DB8E45 /* RequestsPage.swift */; };
		980B61C32BE382C60037C280 /* BookRequestsModel.swift in Sources */ = {isa = PBXBuildFile; fileRef = 980B61C22BE382C60037C280 /* BookRequestsModel.swift */; };
		980B61C52BE385EF0037C280 /* GoogleService-Info.plist in Resources */ = {isa = PBXBuildFile; fileRef = 980B61C42BE385EF0037C280 /* GoogleService-Info.plist */; };
		9816235E2BE364ED00095008 /* RequestsaddView.swift in Sources */ = {isa = PBXBuildFile; fileRef = 9816235D2BE364ED00095008 /* RequestsaddView.swift */; };
		98B898C42BD61C50007027A1 /* libmgmtftwApp.swift in Sources */ = {isa = PBXBuildFile; fileRef = 98B898C32BD61C50007027A1 /* libmgmtftwApp.swift */; };
		98B898C62BD61C50007027A1 /* ContentView.swift in Sources */ = {isa = PBXBuildFile; fileRef = 98B898C52BD61C50007027A1 /* ContentView.swift */; };
		98B898C82BD61C51007027A1 /* Assets.xcassets in Resources */ = {isa = PBXBuildFile; fileRef = 98B898C72BD61C51007027A1 /* Assets.xcassets */; };
		98B898CB2BD61C51007027A1 /* Preview Assets.xcassets in Resources */ = {isa = PBXBuildFile; fileRef = 98B898CA2BD61C51007027A1 /* Preview Assets.xcassets */; };
		98B898D52BD61C52007027A1 /* libmgmtftwTests.swift in Sources */ = {isa = PBXBuildFile; fileRef = 98B898D42BD61C52007027A1 /* libmgmtftwTests.swift */; };
		98B898DF2BD61C52007027A1 /* libmgmtftwUITests.swift in Sources */ = {isa = PBXBuildFile; fileRef = 98B898DE2BD61C52007027A1 /* libmgmtftwUITests.swift */; };
		98B898E12BD61C52007027A1 /* libmgmtftwUITestsLaunchTests.swift in Sources */ = {isa = PBXBuildFile; fileRef = 98B898E02BD61C52007027A1 /* libmgmtftwUITestsLaunchTests.swift */; };
/* End PBXBuildFile section */

/* Begin PBXContainerItemProxy section */
		98B898D12BD61C52007027A1 /* PBXContainerItemProxy */ = {
			isa = PBXContainerItemProxy;
			containerPortal = 98B898B82BD61C50007027A1 /* Project object */;
			proxyType = 1;
			remoteGlobalIDString = 98B898BF2BD61C50007027A1;
			remoteInfo = libmgmtftw;
		};
		98B898DB2BD61C52007027A1 /* PBXContainerItemProxy */ = {
			isa = PBXContainerItemProxy;
			containerPortal = 98B898B82BD61C50007027A1 /* Project object */;
			proxyType = 1;
			remoteGlobalIDString = 98B898BF2BD61C50007027A1;
			remoteInfo = libmgmtftw;
		};
/* End PBXContainerItemProxy section */

/* Begin PBXFileReference section */
		4C3AA70B2BE163A2006E836A /* HistoryPage.swift */ = {isa = PBXFileReference; lastKnownFileType = sourcecode.swift; path = HistoryPage.swift; sourceTree = "<group>"; };
		4C84F3B42BD927A700AEB7A9 /* OnboardingView.swift */ = {isa = PBXFileReference; lastKnownFileType = sourcecode.swift; path = OnboardingView.swift; sourceTree = "<group>"; };
		4C84F3B72BD92A0F00AEB7A9 /* color.swift */ = {isa = PBXFileReference; lastKnownFileType = sourcecode.swift; path = color.swift; sourceTree = "<group>"; };
		4C84F3B92BDA09E700AEB7A9 /* BooklistView.swift */ = {isa = PBXFileReference; lastKnownFileType = sourcecode.swift; path = BooklistView.swift; sourceTree = "<group>"; };
		4C84F3BB2BDA0D4700AEB7A9 /* UserListView.swift */ = {isa = PBXFileReference; lastKnownFileType = sourcecode.swift; path = UserListView.swift; sourceTree = "<group>"; };
		4C84F3C02BDA17FD00AEB7A9 /* BookImageLoader.swift */ = {isa = PBXFileReference; lastKnownFileType = sourcecode.swift; path = BookImageLoader.swift; sourceTree = "<group>"; };
		4C84F3C22BDA24D100AEB7A9 /* ExplorePageView.swift */ = {isa = PBXFileReference; lastKnownFileType = sourcecode.swift; path = ExplorePageView.swift; sourceTree = "<group>"; };
		4C84F3C42BDAD4B700AEB7A9 /* BookDetailsView.swift */ = {isa = PBXFileReference; lastKnownFileType = sourcecode.swift; path = BookDetailsView.swift; sourceTree = "<group>"; };
		4C84F3C62BDBB53A00AEB7A9 /* BorrowPageUI.swift */ = {isa = PBXFileReference; lastKnownFileType = sourcecode.swift; path = BorrowPageUI.swift; sourceTree = "<group>"; };
		4C84F3CE2BDF73BB00AEB7A9 /* newColor.swift */ = {isa = PBXFileReference; lastKnownFileType = sourcecode.swift; path = newColor.swift; sourceTree = "<group>"; };
		4C84F3D02BE0159400AEB7A9 /* Tab_Bar.swift */ = {isa = PBXFileReference; lastKnownFileType = sourcecode.swift; path = Tab_Bar.swift; sourceTree = "<group>"; };
		4C84F3D22BE021EE00AEB7A9 /* demoPage.swift */ = {isa = PBXFileReference; lastKnownFileType = sourcecode.swift; path = demoPage.swift; sourceTree = "<group>"; };
		4CCCDC112BD7A86100FFF854 /* colors.swift */ = {isa = PBXFileReference; lastKnownFileType = sourcecode.swift; path = colors.swift; sourceTree = "<group>"; };
		4CCCDC172BD9061500FFF854 /* SignUpView.swift */ = {isa = PBXFileReference; lastKnownFileType = sourcecode.swift; path = SignUpView.swift; sourceTree = "<group>"; };
		4CCCDC192BD9062C00FFF854 /* LoginView.swift */ = {isa = PBXFileReference; lastKnownFileType = sourcecode.swift; path = LoginView.swift; sourceTree = "<group>"; };
		4CCCDC1D2BD910E600FFF854 /* PreLoginView.swift */ = {isa = PBXFileReference; lastKnownFileType = sourcecode.swift; path = PreLoginView.swift; sourceTree = "<group>"; };
		4CEFCA7F2BD636B700CC0B4F /* SignInView.swift */ = {isa = PBXFileReference; lastKnownFileType = sourcecode.swift; path = SignInView.swift; sourceTree = "<group>"; };
		841CDEAC2BE3592E00DB8E45 /* RequestsPage.swift */ = {isa = PBXFileReference; lastKnownFileType = sourcecode.swift; path = RequestsPage.swift; sourceTree = "<group>"; };
		980B61C22BE382C60037C280 /* BookRequestsModel.swift */ = {isa = PBXFileReference; lastKnownFileType = sourcecode.swift; path = BookRequestsModel.swift; sourceTree = "<group>"; };
		980B61C42BE385EF0037C280 /* GoogleService-Info.plist */ = {isa = PBXFileReference; fileEncoding = 4; lastKnownFileType = text.plist.xml; name = "GoogleService-Info.plist"; path = "../../../Downloads/GoogleService-Info.plist"; sourceTree = "<group>"; };
		9816235D2BE364ED00095008 /* RequestsaddView.swift */ = {isa = PBXFileReference; lastKnownFileType = sourcecode.swift; path = RequestsaddView.swift; sourceTree = "<group>"; };
		98B898C02BD61C50007027A1 /* libmgmtftw.app */ = {isa = PBXFileReference; explicitFileType = wrapper.application; includeInIndex = 0; path = libmgmtftw.app; sourceTree = BUILT_PRODUCTS_DIR; };
		98B898C32BD61C50007027A1 /* libmgmtftwApp.swift */ = {isa = PBXFileReference; lastKnownFileType = sourcecode.swift; path = libmgmtftwApp.swift; sourceTree = "<group>"; };
		98B898C52BD61C50007027A1 /* ContentView.swift */ = {isa = PBXFileReference; lastKnownFileType = sourcecode.swift; path = ContentView.swift; sourceTree = "<group>"; };
		98B898C72BD61C51007027A1 /* Assets.xcassets */ = {isa = PBXFileReference; lastKnownFileType = folder.assetcatalog; path = Assets.xcassets; sourceTree = "<group>"; };
		98B898CA2BD61C51007027A1 /* Preview Assets.xcassets */ = {isa = PBXFileReference; lastKnownFileType = folder.assetcatalog; path = "Preview Assets.xcassets"; sourceTree = "<group>"; };
		98B898D02BD61C52007027A1 /* libmgmtftwTests.xctest */ = {isa = PBXFileReference; explicitFileType = wrapper.cfbundle; includeInIndex = 0; path = libmgmtftwTests.xctest; sourceTree = BUILT_PRODUCTS_DIR; };
		98B898D42BD61C52007027A1 /* libmgmtftwTests.swift */ = {isa = PBXFileReference; lastKnownFileType = sourcecode.swift; path = libmgmtftwTests.swift; sourceTree = "<group>"; };
		98B898DA2BD61C52007027A1 /* libmgmtftwUITests.xctest */ = {isa = PBXFileReference; explicitFileType = wrapper.cfbundle; includeInIndex = 0; path = libmgmtftwUITests.xctest; sourceTree = BUILT_PRODUCTS_DIR; };
		98B898DE2BD61C52007027A1 /* libmgmtftwUITests.swift */ = {isa = PBXFileReference; lastKnownFileType = sourcecode.swift; path = libmgmtftwUITests.swift; sourceTree = "<group>"; };
		98B898E02BD61C52007027A1 /* libmgmtftwUITestsLaunchTests.swift */ = {isa = PBXFileReference; lastKnownFileType = sourcecode.swift; path = libmgmtftwUITestsLaunchTests.swift; sourceTree = "<group>"; };
/* End PBXFileReference section */

/* Begin PBXFrameworksBuildPhase section */
		98B898BD2BD61C50007027A1 /* Frameworks */ = {
			isa = PBXFrameworksBuildPhase;
			buildActionMask = 2147483647;
			files = (
				4C84F3BF2BDA175200AEB7A9 /* SDWebImageSwiftUI in Frameworks */,
				4CEFCA662BD62EAF00CC0B4F /* FirebaseAnalyticsSwift in Frameworks */,
				4CEFCA6C2BD62EAF00CC0B4F /* FirebaseAuth in Frameworks */,
				4CEFCA622BD62EAF00CC0B4F /* FirebaseAnalytics in Frameworks */,
				4CEFCA742BD62EAF00CC0B4F /* FirebaseFirestore in Frameworks */,
				4CEFCA722BD62EAF00CC0B4F /* FirebaseDatabaseSwift in Frameworks */,
				4CEFCA762BD62EAF00CC0B4F /* FirebaseFirestoreSwift in Frameworks */,
				4CEFCA6E2BD62EAF00CC0B4F /* FirebaseCrashlytics in Frameworks */,
				4CEFCA642BD62EAF00CC0B4F /* FirebaseAnalyticsOnDeviceConversion in Frameworks */,
				4CEFCA6A2BD62EAF00CC0B4F /* FirebaseAppCheck in Frameworks */,
				4CEFCA702BD62EAF00CC0B4F /* FirebaseDatabase in Frameworks */,
				4CEFCA682BD62EAF00CC0B4F /* FirebaseAnalyticsWithoutAdIdSupport in Frameworks */,
			);
			runOnlyForDeploymentPostprocessing = 0;
		};
		98B898CD2BD61C52007027A1 /* Frameworks */ = {
			isa = PBXFrameworksBuildPhase;
			buildActionMask = 2147483647;
			files = (
			);
			runOnlyForDeploymentPostprocessing = 0;
		};
		98B898D72BD61C52007027A1 /* Frameworks */ = {
			isa = PBXFrameworksBuildPhase;
			buildActionMask = 2147483647;
			files = (
			);
			runOnlyForDeploymentPostprocessing = 0;
		};
/* End PBXFrameworksBuildPhase section */

/* Begin PBXGroup section */
		4C84F3B32BD9279800AEB7A9 /* Onboarding */ = {
			isa = PBXGroup;
			children = (
				4C84F3B42BD927A700AEB7A9 /* OnboardingView.swift */,
			);
			path = Onboarding;
			sourceTree = "<group>";
		};
		4C84F3B62BD929F600AEB7A9 /* Color Extension */ = {
			isa = PBXGroup;
			children = (
				4C84F3B72BD92A0F00AEB7A9 /* color.swift */,
			);
			path = "Color Extension";
			sourceTree = "<group>";
		};
		4CCCDC0E2BD7A6DB00FFF854 /* HomePage */ = {
			isa = PBXGroup;
			children = (
				4C84F3D02BE0159400AEB7A9 /* Tab_Bar.swift */,
				4C3AA70B2BE163A2006E836A /* HistoryPage.swift */,
				4C84F3D22BE021EE00AEB7A9 /* demoPage.swift */,
				4CCCDC112BD7A86100FFF854 /* colors.swift */,
				4C84F3B92BDA09E700AEB7A9 /* BooklistView.swift */,
				4C84F3C02BDA17FD00AEB7A9 /* BookImageLoader.swift */,
				4C84F3C22BDA24D100AEB7A9 /* ExplorePageView.swift */,
				4C84F3CE2BDF73BB00AEB7A9 /* newColor.swift */,
				4C84F3C42BDAD4B700AEB7A9 /* BookDetailsView.swift */,
				4C84F3C62BDBB53A00AEB7A9 /* BorrowPageUI.swift */,
			);
			path = HomePage;
			sourceTree = "<group>";
		};
		4CEFCA7C2BD635B900CC0B4F /* Authentication */ = {
			isa = PBXGroup;
			children = (
				4CEFCA7F2BD636B700CC0B4F /* SignInView.swift */,
				4CCCDC172BD9061500FFF854 /* SignUpView.swift */,
				4C84F3BB2BDA0D4700AEB7A9 /* UserListView.swift */,
				4CCCDC192BD9062C00FFF854 /* LoginView.swift */,
				4CCCDC1D2BD910E600FFF854 /* PreLoginView.swift */,
			);
			path = Authentication;
			sourceTree = "<group>";
		};
		841CDEAB2BE3590D00DB8E45 /* RequestsPage */ = {
			isa = PBXGroup;
			children = (
				841CDEAC2BE3592E00DB8E45 /* RequestsPage.swift */,
				9816235D2BE364ED00095008 /* RequestsaddView.swift */,
				980B61C22BE382C60037C280 /* BookRequestsModel.swift */,
			);
			path = RequestsPage;
			sourceTree = "<group>";
		};
		98B898B72BD61C50007027A1 = {
			isa = PBXGroup;
			children = (
				98B898C22BD61C50007027A1 /* libmgmtftw */,
				98B898D32BD61C52007027A1 /* libmgmtftwTests */,
				98B898DD2BD61C52007027A1 /* libmgmtftwUITests */,
				98B898C12BD61C50007027A1 /* Products */,
			);
			sourceTree = "<group>";
		};
		98B898C12BD61C50007027A1 /* Products */ = {
			isa = PBXGroup;
			children = (
				98B898C02BD61C50007027A1 /* libmgmtftw.app */,
				98B898D02BD61C52007027A1 /* libmgmtftwTests.xctest */,
				98B898DA2BD61C52007027A1 /* libmgmtftwUITests.xctest */,
			);
			name = Products;
			sourceTree = "<group>";
		};
		98B898C22BD61C50007027A1 /* libmgmtftw */ = {
			isa = PBXGroup;
			children = (
				841CDEAB2BE3590D00DB8E45 /* RequestsPage */,
				98B898C32BD61C50007027A1 /* libmgmtftwApp.swift */,
				98B898C52BD61C50007027A1 /* ContentView.swift */,
				4C84F3B62BD929F600AEB7A9 /* Color Extension */,
				4C84F3B32BD9279800AEB7A9 /* Onboarding */,
				4CEFCA7C2BD635B900CC0B4F /* Authentication */,
				4CCCDC0E2BD7A6DB00FFF854 /* HomePage */,
				98B898C72BD61C51007027A1 /* Assets.xcassets */,
				980B61C42BE385EF0037C280 /* GoogleService-Info.plist */,
				98B898C92BD61C51007027A1 /* Preview Content */,
			);
			path = libmgmtftw;
			sourceTree = "<group>";
		};
		98B898C92BD61C51007027A1 /* Preview Content */ = {
			isa = PBXGroup;
			children = (
				98B898CA2BD61C51007027A1 /* Preview Assets.xcassets */,
			);
			path = "Preview Content";
			sourceTree = "<group>";
		};
		98B898D32BD61C52007027A1 /* libmgmtftwTests */ = {
			isa = PBXGroup;
			children = (
				98B898D42BD61C52007027A1 /* libmgmtftwTests.swift */,
			);
			path = libmgmtftwTests;
			sourceTree = "<group>";
		};
		98B898DD2BD61C52007027A1 /* libmgmtftwUITests */ = {
			isa = PBXGroup;
			children = (
				98B898DE2BD61C52007027A1 /* libmgmtftwUITests.swift */,
				98B898E02BD61C52007027A1 /* libmgmtftwUITestsLaunchTests.swift */,
			);
			path = libmgmtftwUITests;
			sourceTree = "<group>";
		};
/* End PBXGroup section */

/* Begin PBXNativeTarget section */
		98B898BF2BD61C50007027A1 /* libmgmtftw */ = {
			isa = PBXNativeTarget;
			buildConfigurationList = 98B898E42BD61C52007027A1 /* Build configuration list for PBXNativeTarget "libmgmtftw" */;
			buildPhases = (
				98B898BC2BD61C50007027A1 /* Sources */,
				98B898BD2BD61C50007027A1 /* Frameworks */,
				98B898BE2BD61C50007027A1 /* Resources */,
			);
			buildRules = (
			);
			dependencies = (
			);
			name = libmgmtftw;
			packageProductDependencies = (
				4CEFCA612BD62EAF00CC0B4F /* FirebaseAnalytics */,
				4CEFCA632BD62EAF00CC0B4F /* FirebaseAnalyticsOnDeviceConversion */,
				4CEFCA652BD62EAF00CC0B4F /* FirebaseAnalyticsSwift */,
				4CEFCA672BD62EAF00CC0B4F /* FirebaseAnalyticsWithoutAdIdSupport */,
				4CEFCA692BD62EAF00CC0B4F /* FirebaseAppCheck */,
				4CEFCA6B2BD62EAF00CC0B4F /* FirebaseAuth */,
				4CEFCA6D2BD62EAF00CC0B4F /* FirebaseCrashlytics */,
				4CEFCA6F2BD62EAF00CC0B4F /* FirebaseDatabase */,
				4CEFCA712BD62EAF00CC0B4F /* FirebaseDatabaseSwift */,
				4CEFCA732BD62EAF00CC0B4F /* FirebaseFirestore */,
				4CEFCA752BD62EAF00CC0B4F /* FirebaseFirestoreSwift */,
				4C84F3BE2BDA175200AEB7A9 /* SDWebImageSwiftUI */,
			);
			productName = libmgmtftw;
			productReference = 98B898C02BD61C50007027A1 /* libmgmtftw.app */;
			productType = "com.apple.product-type.application";
		};
		98B898CF2BD61C52007027A1 /* libmgmtftwTests */ = {
			isa = PBXNativeTarget;
			buildConfigurationList = 98B898E72BD61C52007027A1 /* Build configuration list for PBXNativeTarget "libmgmtftwTests" */;
			buildPhases = (
				98B898CC2BD61C52007027A1 /* Sources */,
				98B898CD2BD61C52007027A1 /* Frameworks */,
				98B898CE2BD61C52007027A1 /* Resources */,
			);
			buildRules = (
			);
			dependencies = (
				98B898D22BD61C52007027A1 /* PBXTargetDependency */,
			);
			name = libmgmtftwTests;
			productName = libmgmtftwTests;
			productReference = 98B898D02BD61C52007027A1 /* libmgmtftwTests.xctest */;
			productType = "com.apple.product-type.bundle.unit-test";
		};
		98B898D92BD61C52007027A1 /* libmgmtftwUITests */ = {
			isa = PBXNativeTarget;
			buildConfigurationList = 98B898EA2BD61C52007027A1 /* Build configuration list for PBXNativeTarget "libmgmtftwUITests" */;
			buildPhases = (
				98B898D62BD61C52007027A1 /* Sources */,
				98B898D72BD61C52007027A1 /* Frameworks */,
				98B898D82BD61C52007027A1 /* Resources */,
			);
			buildRules = (
			);
			dependencies = (
				98B898DC2BD61C52007027A1 /* PBXTargetDependency */,
			);
			name = libmgmtftwUITests;
			productName = libmgmtftwUITests;
			productReference = 98B898DA2BD61C52007027A1 /* libmgmtftwUITests.xctest */;
			productType = "com.apple.product-type.bundle.ui-testing";
		};
/* End PBXNativeTarget section */

/* Begin PBXProject section */
		98B898B82BD61C50007027A1 /* Project object */ = {
			isa = PBXProject;
			attributes = {
				BuildIndependentTargetsInParallel = 1;
				LastSwiftUpdateCheck = 1510;
				LastUpgradeCheck = 1510;
				TargetAttributes = {
					98B898BF2BD61C50007027A1 = {
						CreatedOnToolsVersion = 15.1;
					};
					98B898CF2BD61C52007027A1 = {
						CreatedOnToolsVersion = 15.1;
						TestTargetID = 98B898BF2BD61C50007027A1;
					};
					98B898D92BD61C52007027A1 = {
						CreatedOnToolsVersion = 15.1;
						TestTargetID = 98B898BF2BD61C50007027A1;
					};
				};
			};
			buildConfigurationList = 98B898BB2BD61C50007027A1 /* Build configuration list for PBXProject "libmgmtftw" */;
			compatibilityVersion = "Xcode 14.0";
			developmentRegion = en;
			hasScannedForEncodings = 0;
			knownRegions = (
				en,
				Base,
			);
			mainGroup = 98B898B72BD61C50007027A1;
			packageReferences = (
				4CEFCA602BD62EAF00CC0B4F /* XCRemoteSwiftPackageReference "firebase-ios-sdk" */,
				4C84F3BD2BDA175200AEB7A9 /* XCRemoteSwiftPackageReference "SDWebImageSwiftUI" */,
			);
			productRefGroup = 98B898C12BD61C50007027A1 /* Products */;
			projectDirPath = "";
			projectRoot = "";
			targets = (
				98B898BF2BD61C50007027A1 /* libmgmtftw */,
				98B898CF2BD61C52007027A1 /* libmgmtftwTests */,
				98B898D92BD61C52007027A1 /* libmgmtftwUITests */,
			);
		};
/* End PBXProject section */

/* Begin PBXResourcesBuildPhase section */
		98B898BE2BD61C50007027A1 /* Resources */ = {
			isa = PBXResourcesBuildPhase;
			buildActionMask = 2147483647;
			files = (
				98B898CB2BD61C51007027A1 /* Preview Assets.xcassets in Resources */,
				980B61C52BE385EF0037C280 /* GoogleService-Info.plist in Resources */,
				98B898C82BD61C51007027A1 /* Assets.xcassets in Resources */,
			);
			runOnlyForDeploymentPostprocessing = 0;
		};
		98B898CE2BD61C52007027A1 /* Resources */ = {
			isa = PBXResourcesBuildPhase;
			buildActionMask = 2147483647;
			files = (
			);
			runOnlyForDeploymentPostprocessing = 0;
		};
		98B898D82BD61C52007027A1 /* Resources */ = {
			isa = PBXResourcesBuildPhase;
			buildActionMask = 2147483647;
			files = (
			);
			runOnlyForDeploymentPostprocessing = 0;
		};
/* End PBXResourcesBuildPhase section */

/* Begin PBXSourcesBuildPhase section */
		98B898BC2BD61C50007027A1 /* Sources */ = {
			isa = PBXSourcesBuildPhase;
			buildActionMask = 2147483647;
			files = (
				4C84F3CF2BDF73BB00AEB7A9 /* newColor.swift in Sources */,
				4CEFCA802BD636B700CC0B4F /* SignInView.swift in Sources */,
				4CCCDC182BD9061500FFF854 /* SignUpView.swift in Sources */,
				9816235E2BE364ED00095008 /* RequestsaddView.swift in Sources */,
				4C84F3BA2BDA09E700AEB7A9 /* BooklistView.swift in Sources */,
				4C84F3C72BDBB53A00AEB7A9 /* BorrowPageUI.swift in Sources */,
				980B61C32BE382C60037C280 /* BookRequestsModel.swift in Sources */,
				4CCCDC122BD7A86100FFF854 /* colors.swift in Sources */,
				4C84F3C52BDAD4B700AEB7A9 /* BookDetailsView.swift in Sources */,
				4C84F3B82BD92A0F00AEB7A9 /* color.swift in Sources */,
				4C84F3B52BD927A700AEB7A9 /* OnboardingView.swift in Sources */,
				4C84F3D12BE0159400AEB7A9 /* Tab_Bar.swift in Sources */,
				841CDEAD2BE3592E00DB8E45 /* RequestsPage.swift in Sources */,
				98B898C62BD61C50007027A1 /* ContentView.swift in Sources */,
				4C84F3C32BDA24D100AEB7A9 /* ExplorePageView.swift in Sources */,
				4C84F3BC2BDA0D4700AEB7A9 /* UserListView.swift in Sources */,
				4C84F3D32BE021EE00AEB7A9 /* demoPage.swift in Sources */,
				4C84F3C12BDA17FD00AEB7A9 /* BookImageLoader.swift in Sources */,
				4CCCDC1A2BD9062C00FFF854 /* LoginView.swift in Sources */,
				4C3AA70C2BE163A2006E836A /* HistoryPage.swift in Sources */,
				4CCCDC1E2BD910E600FFF854 /* PreLoginView.swift in Sources */,
				98B898C42BD61C50007027A1 /* libmgmtftwApp.swift in Sources */,
			);
			runOnlyForDeploymentPostprocessing = 0;
		};
		98B898CC2BD61C52007027A1 /* Sources */ = {
			isa = PBXSourcesBuildPhase;
			buildActionMask = 2147483647;
			files = (
				98B898D52BD61C52007027A1 /* libmgmtftwTests.swift in Sources */,
			);
			runOnlyForDeploymentPostprocessing = 0;
		};
		98B898D62BD61C52007027A1 /* Sources */ = {
			isa = PBXSourcesBuildPhase;
			buildActionMask = 2147483647;
			files = (
				98B898DF2BD61C52007027A1 /* libmgmtftwUITests.swift in Sources */,
				98B898E12BD61C52007027A1 /* libmgmtftwUITestsLaunchTests.swift in Sources */,
			);
			runOnlyForDeploymentPostprocessing = 0;
		};
/* End PBXSourcesBuildPhase section */

/* Begin PBXTargetDependency section */
		98B898D22BD61C52007027A1 /* PBXTargetDependency */ = {
			isa = PBXTargetDependency;
			target = 98B898BF2BD61C50007027A1 /* libmgmtftw */;
			targetProxy = 98B898D12BD61C52007027A1 /* PBXContainerItemProxy */;
		};
		98B898DC2BD61C52007027A1 /* PBXTargetDependency */ = {
			isa = PBXTargetDependency;
			target = 98B898BF2BD61C50007027A1 /* libmgmtftw */;
			targetProxy = 98B898DB2BD61C52007027A1 /* PBXContainerItemProxy */;
		};
/* End PBXTargetDependency section */

/* Begin XCBuildConfiguration section */
		98B898E22BD61C52007027A1 /* Debug */ = {
			isa = XCBuildConfiguration;
			buildSettings = {
				ALWAYS_SEARCH_USER_PATHS = NO;
				ASSETCATALOG_COMPILER_GENERATE_SWIFT_ASSET_SYMBOL_EXTENSIONS = YES;
				CLANG_ANALYZER_NONNULL = YES;
				CLANG_ANALYZER_NUMBER_OBJECT_CONVERSION = YES_AGGRESSIVE;
				CLANG_CXX_LANGUAGE_STANDARD = "gnu++20";
				CLANG_ENABLE_MODULES = YES;
				CLANG_ENABLE_OBJC_ARC = YES;
				CLANG_ENABLE_OBJC_WEAK = YES;
				CLANG_WARN_BLOCK_CAPTURE_AUTORELEASING = YES;
				CLANG_WARN_BOOL_CONVERSION = YES;
				CLANG_WARN_COMMA = YES;
				CLANG_WARN_CONSTANT_CONVERSION = YES;
				CLANG_WARN_DEPRECATED_OBJC_IMPLEMENTATIONS = YES;
				CLANG_WARN_DIRECT_OBJC_ISA_USAGE = YES_ERROR;
				CLANG_WARN_DOCUMENTATION_COMMENTS = YES;
				CLANG_WARN_EMPTY_BODY = YES;
				CLANG_WARN_ENUM_CONVERSION = YES;
				CLANG_WARN_INFINITE_RECURSION = YES;
				CLANG_WARN_INT_CONVERSION = YES;
				CLANG_WARN_NON_LITERAL_NULL_CONVERSION = YES;
				CLANG_WARN_OBJC_IMPLICIT_RETAIN_SELF = YES;
				CLANG_WARN_OBJC_LITERAL_CONVERSION = YES;
				CLANG_WARN_OBJC_ROOT_CLASS = YES_ERROR;
				CLANG_WARN_QUOTED_INCLUDE_IN_FRAMEWORK_HEADER = YES;
				CLANG_WARN_RANGE_LOOP_ANALYSIS = YES;
				CLANG_WARN_STRICT_PROTOTYPES = YES;
				CLANG_WARN_SUSPICIOUS_MOVE = YES;
				CLANG_WARN_UNGUARDED_AVAILABILITY = YES_AGGRESSIVE;
				CLANG_WARN_UNREACHABLE_CODE = YES;
				CLANG_WARN__DUPLICATE_METHOD_MATCH = YES;
				COPY_PHASE_STRIP = NO;
				DEBUG_INFORMATION_FORMAT = dwarf;
				ENABLE_STRICT_OBJC_MSGSEND = YES;
				ENABLE_TESTABILITY = YES;
				ENABLE_USER_SCRIPT_SANDBOXING = YES;
				GCC_C_LANGUAGE_STANDARD = gnu17;
				GCC_DYNAMIC_NO_PIC = NO;
				GCC_NO_COMMON_BLOCKS = YES;
				GCC_OPTIMIZATION_LEVEL = 0;
				GCC_PREPROCESSOR_DEFINITIONS = (
					"DEBUG=1",
					"$(inherited)",
				);
				GCC_WARN_64_TO_32_BIT_CONVERSION = YES;
				GCC_WARN_ABOUT_RETURN_TYPE = YES_ERROR;
				GCC_WARN_UNDECLARED_SELECTOR = YES;
				GCC_WARN_UNINITIALIZED_AUTOS = YES_AGGRESSIVE;
				GCC_WARN_UNUSED_FUNCTION = YES;
				GCC_WARN_UNUSED_VARIABLE = YES;
				IPHONEOS_DEPLOYMENT_TARGET = 17.2;
				LOCALIZATION_PREFERS_STRING_CATALOGS = YES;
				MTL_ENABLE_DEBUG_INFO = INCLUDE_SOURCE;
				MTL_FAST_MATH = YES;
				ONLY_ACTIVE_ARCH = YES;
				SDKROOT = iphoneos;
				SWIFT_ACTIVE_COMPILATION_CONDITIONS = "DEBUG $(inherited)";
				SWIFT_OPTIMIZATION_LEVEL = "-Onone";
			};
			name = Debug;
		};
		98B898E32BD61C52007027A1 /* Release */ = {
			isa = XCBuildConfiguration;
			buildSettings = {
				ALWAYS_SEARCH_USER_PATHS = NO;
				ASSETCATALOG_COMPILER_GENERATE_SWIFT_ASSET_SYMBOL_EXTENSIONS = YES;
				CLANG_ANALYZER_NONNULL = YES;
				CLANG_ANALYZER_NUMBER_OBJECT_CONVERSION = YES_AGGRESSIVE;
				CLANG_CXX_LANGUAGE_STANDARD = "gnu++20";
				CLANG_ENABLE_MODULES = YES;
				CLANG_ENABLE_OBJC_ARC = YES;
				CLANG_ENABLE_OBJC_WEAK = YES;
				CLANG_WARN_BLOCK_CAPTURE_AUTORELEASING = YES;
				CLANG_WARN_BOOL_CONVERSION = YES;
				CLANG_WARN_COMMA = YES;
				CLANG_WARN_CONSTANT_CONVERSION = YES;
				CLANG_WARN_DEPRECATED_OBJC_IMPLEMENTATIONS = YES;
				CLANG_WARN_DIRECT_OBJC_ISA_USAGE = YES_ERROR;
				CLANG_WARN_DOCUMENTATION_COMMENTS = YES;
				CLANG_WARN_EMPTY_BODY = YES;
				CLANG_WARN_ENUM_CONVERSION = YES;
				CLANG_WARN_INFINITE_RECURSION = YES;
				CLANG_WARN_INT_CONVERSION = YES;
				CLANG_WARN_NON_LITERAL_NULL_CONVERSION = YES;
				CLANG_WARN_OBJC_IMPLICIT_RETAIN_SELF = YES;
				CLANG_WARN_OBJC_LITERAL_CONVERSION = YES;
				CLANG_WARN_OBJC_ROOT_CLASS = YES_ERROR;
				CLANG_WARN_QUOTED_INCLUDE_IN_FRAMEWORK_HEADER = YES;
				CLANG_WARN_RANGE_LOOP_ANALYSIS = YES;
				CLANG_WARN_STRICT_PROTOTYPES = YES;
				CLANG_WARN_SUSPICIOUS_MOVE = YES;
				CLANG_WARN_UNGUARDED_AVAILABILITY = YES_AGGRESSIVE;
				CLANG_WARN_UNREACHABLE_CODE = YES;
				CLANG_WARN__DUPLICATE_METHOD_MATCH = YES;
				COPY_PHASE_STRIP = NO;
				DEBUG_INFORMATION_FORMAT = "dwarf-with-dsym";
				ENABLE_NS_ASSERTIONS = NO;
				ENABLE_STRICT_OBJC_MSGSEND = YES;
				ENABLE_USER_SCRIPT_SANDBOXING = YES;
				GCC_C_LANGUAGE_STANDARD = gnu17;
				GCC_NO_COMMON_BLOCKS = YES;
				GCC_WARN_64_TO_32_BIT_CONVERSION = YES;
				GCC_WARN_ABOUT_RETURN_TYPE = YES_ERROR;
				GCC_WARN_UNDECLARED_SELECTOR = YES;
				GCC_WARN_UNINITIALIZED_AUTOS = YES_AGGRESSIVE;
				GCC_WARN_UNUSED_FUNCTION = YES;
				GCC_WARN_UNUSED_VARIABLE = YES;
				IPHONEOS_DEPLOYMENT_TARGET = 17.2;
				LOCALIZATION_PREFERS_STRING_CATALOGS = YES;
				MTL_ENABLE_DEBUG_INFO = NO;
				MTL_FAST_MATH = YES;
				SDKROOT = iphoneos;
				SWIFT_COMPILATION_MODE = wholemodule;
				VALIDATE_PRODUCT = YES;
			};
			name = Release;
		};
		98B898E52BD61C52007027A1 /* Debug */ = {
			isa = XCBuildConfiguration;
			buildSettings = {
				ASSETCATALOG_COMPILER_APPICON_NAME = AppIcon;
				ASSETCATALOG_COMPILER_GLOBAL_ACCENT_COLOR_NAME = AccentColor;
				CODE_SIGN_STYLE = Automatic;
				CURRENT_PROJECT_VERSION = 1;
				DEVELOPMENT_ASSET_PATHS = "\"libmgmtftw/Preview Content\"";
				DEVELOPMENT_TEAM = 77CGS54N35;
				ENABLE_PREVIEWS = YES;
				GENERATE_INFOPLIST_FILE = YES;
				INFOPLIST_KEY_UIApplicationSceneManifest_Generation = YES;
				INFOPLIST_KEY_UIApplicationSupportsIndirectInputEvents = YES;
				INFOPLIST_KEY_UILaunchScreen_Generation = YES;
				INFOPLIST_KEY_UISupportedInterfaceOrientations_iPad = "UIInterfaceOrientationPortrait UIInterfaceOrientationPortraitUpsideDown UIInterfaceOrientationLandscapeLeft UIInterfaceOrientationLandscapeRight";
				INFOPLIST_KEY_UISupportedInterfaceOrientations_iPhone = "UIInterfaceOrientationPortrait UIInterfaceOrientationLandscapeLeft UIInterfaceOrientationLandscapeRight";
				LD_RUNPATH_SEARCH_PATHS = (
					"$(inherited)",
					"@executable_path/Frameworks",
				);
				MARKETING_VERSION = 1.0;
				PRODUCT_BUNDLE_IDENTIFIER = in.edu.srmist.libmgmtftw;
				PRODUCT_NAME = "$(TARGET_NAME)";
				SWIFT_EMIT_LOC_STRINGS = YES;
				SWIFT_VERSION = 5.0;
				TARGETED_DEVICE_FAMILY = "1,2";
			};
			name = Debug;
		};
		98B898E62BD61C52007027A1 /* Release */ = {
			isa = XCBuildConfiguration;
			buildSettings = {
				ASSETCATALOG_COMPILER_APPICON_NAME = AppIcon;
				ASSETCATALOG_COMPILER_GLOBAL_ACCENT_COLOR_NAME = AccentColor;
				CODE_SIGN_STYLE = Automatic;
				CURRENT_PROJECT_VERSION = 1;
				DEVELOPMENT_ASSET_PATHS = "\"libmgmtftw/Preview Content\"";
				DEVELOPMENT_TEAM = 77CGS54N35;
				ENABLE_PREVIEWS = YES;
				GENERATE_INFOPLIST_FILE = YES;
				INFOPLIST_KEY_UIApplicationSceneManifest_Generation = YES;
				INFOPLIST_KEY_UIApplicationSupportsIndirectInputEvents = YES;
				INFOPLIST_KEY_UILaunchScreen_Generation = YES;
				INFOPLIST_KEY_UISupportedInterfaceOrientations_iPad = "UIInterfaceOrientationPortrait UIInterfaceOrientationPortraitUpsideDown UIInterfaceOrientationLandscapeLeft UIInterfaceOrientationLandscapeRight";
				INFOPLIST_KEY_UISupportedInterfaceOrientations_iPhone = "UIInterfaceOrientationPortrait UIInterfaceOrientationLandscapeLeft UIInterfaceOrientationLandscapeRight";
				LD_RUNPATH_SEARCH_PATHS = (
					"$(inherited)",
					"@executable_path/Frameworks",
				);
				MARKETING_VERSION = 1.0;
				PRODUCT_BUNDLE_IDENTIFIER = in.edu.srmist.libmgmtftw;
				PRODUCT_NAME = "$(TARGET_NAME)";
				SWIFT_EMIT_LOC_STRINGS = YES;
				SWIFT_VERSION = 5.0;
				TARGETED_DEVICE_FAMILY = "1,2";
			};
			name = Release;
		};
		98B898E82BD61C52007027A1 /* Debug */ = {
			isa = XCBuildConfiguration;
			buildSettings = {
				ALWAYS_EMBED_SWIFT_STANDARD_LIBRARIES = YES;
				BUNDLE_LOADER = "$(TEST_HOST)";
				CODE_SIGN_STYLE = Automatic;
				CURRENT_PROJECT_VERSION = 1;
				DEVELOPMENT_TEAM = 4NZCYY46NY;
				GENERATE_INFOPLIST_FILE = YES;
				IPHONEOS_DEPLOYMENT_TARGET = 17.2;
				MARKETING_VERSION = 1.0;
				PRODUCT_BUNDLE_IDENTIFIER = in.edu.srmist.libmgmtftwTests;
				PRODUCT_NAME = "$(TARGET_NAME)";
				SWIFT_EMIT_LOC_STRINGS = NO;
				SWIFT_VERSION = 5.0;
				TARGETED_DEVICE_FAMILY = "1,2";
				TEST_HOST = "$(BUILT_PRODUCTS_DIR)/libmgmtftw.app/$(BUNDLE_EXECUTABLE_FOLDER_PATH)/libmgmtftw";
			};
			name = Debug;
		};
		98B898E92BD61C52007027A1 /* Release */ = {
			isa = XCBuildConfiguration;
			buildSettings = {
				ALWAYS_EMBED_SWIFT_STANDARD_LIBRARIES = YES;
				BUNDLE_LOADER = "$(TEST_HOST)";
				CODE_SIGN_STYLE = Automatic;
				CURRENT_PROJECT_VERSION = 1;
				DEVELOPMENT_TEAM = 4NZCYY46NY;
				GENERATE_INFOPLIST_FILE = YES;
				IPHONEOS_DEPLOYMENT_TARGET = 17.2;
				MARKETING_VERSION = 1.0;
				PRODUCT_BUNDLE_IDENTIFIER = in.edu.srmist.libmgmtftwTests;
				PRODUCT_NAME = "$(TARGET_NAME)";
				SWIFT_EMIT_LOC_STRINGS = NO;
				SWIFT_VERSION = 5.0;
				TARGETED_DEVICE_FAMILY = "1,2";
				TEST_HOST = "$(BUILT_PRODUCTS_DIR)/libmgmtftw.app/$(BUNDLE_EXECUTABLE_FOLDER_PATH)/libmgmtftw";
			};
			name = Release;
		};
		98B898EB2BD61C52007027A1 /* Debug */ = {
			isa = XCBuildConfiguration;
			buildSettings = {
				ALWAYS_EMBED_SWIFT_STANDARD_LIBRARIES = YES;
				CODE_SIGN_STYLE = Automatic;
				CURRENT_PROJECT_VERSION = 1;
				DEVELOPMENT_TEAM = 4NZCYY46NY;
				GENERATE_INFOPLIST_FILE = YES;
				MARKETING_VERSION = 1.0;
				PRODUCT_BUNDLE_IDENTIFIER = in.edu.srmist.libmgmtftwUITests;
				PRODUCT_NAME = "$(TARGET_NAME)";
				SWIFT_EMIT_LOC_STRINGS = NO;
				SWIFT_VERSION = 5.0;
				TARGETED_DEVICE_FAMILY = "1,2";
				TEST_TARGET_NAME = libmgmtftw;
			};
			name = Debug;
		};
		98B898EC2BD61C52007027A1 /* Release */ = {
			isa = XCBuildConfiguration;
			buildSettings = {
				ALWAYS_EMBED_SWIFT_STANDARD_LIBRARIES = YES;
				CODE_SIGN_STYLE = Automatic;
				CURRENT_PROJECT_VERSION = 1;
				DEVELOPMENT_TEAM = 4NZCYY46NY;
				GENERATE_INFOPLIST_FILE = YES;
				MARKETING_VERSION = 1.0;
				PRODUCT_BUNDLE_IDENTIFIER = in.edu.srmist.libmgmtftwUITests;
				PRODUCT_NAME = "$(TARGET_NAME)";
				SWIFT_EMIT_LOC_STRINGS = NO;
				SWIFT_VERSION = 5.0;
				TARGETED_DEVICE_FAMILY = "1,2";
				TEST_TARGET_NAME = libmgmtftw;
			};
			name = Release;
		};
/* End XCBuildConfiguration section */

/* Begin XCConfigurationList section */
		98B898BB2BD61C50007027A1 /* Build configuration list for PBXProject "libmgmtftw" */ = {
			isa = XCConfigurationList;
			buildConfigurations = (
				98B898E22BD61C52007027A1 /* Debug */,
				98B898E32BD61C52007027A1 /* Release */,
			);
			defaultConfigurationIsVisible = 0;
			defaultConfigurationName = Release;
		};
		98B898E42BD61C52007027A1 /* Build configuration list for PBXNativeTarget "libmgmtftw" */ = {
			isa = XCConfigurationList;
			buildConfigurations = (
				98B898E52BD61C52007027A1 /* Debug */,
				98B898E62BD61C52007027A1 /* Release */,
			);
			defaultConfigurationIsVisible = 0;
			defaultConfigurationName = Release;
		};
		98B898E72BD61C52007027A1 /* Build configuration list for PBXNativeTarget "libmgmtftwTests" */ = {
			isa = XCConfigurationList;
			buildConfigurations = (
				98B898E82BD61C52007027A1 /* Debug */,
				98B898E92BD61C52007027A1 /* Release */,
			);
			defaultConfigurationIsVisible = 0;
			defaultConfigurationName = Release;
		};
		98B898EA2BD61C52007027A1 /* Build configuration list for PBXNativeTarget "libmgmtftwUITests" */ = {
			isa = XCConfigurationList;
			buildConfigurations = (
				98B898EB2BD61C52007027A1 /* Debug */,
				98B898EC2BD61C52007027A1 /* Release */,
			);
			defaultConfigurationIsVisible = 0;
			defaultConfigurationName = Release;
		};
/* End XCConfigurationList section */

/* Begin XCRemoteSwiftPackageReference section */
		4C84F3BD2BDA175200AEB7A9 /* XCRemoteSwiftPackageReference "SDWebImageSwiftUI" */ = {
			isa = XCRemoteSwiftPackageReference;
			repositoryURL = "https://github.com/SDWebImage/SDWebImageSwiftUI.git";
			requirement = {
				kind = upToNextMajorVersion;
				minimumVersion = 3.0.2;
			};
		};
		4CEFCA602BD62EAF00CC0B4F /* XCRemoteSwiftPackageReference "firebase-ios-sdk" */ = {
			isa = XCRemoteSwiftPackageReference;
			repositoryURL = "https://github.com/firebase/firebase-ios-sdk";
			requirement = {
				kind = upToNextMajorVersion;
				minimumVersion = 10.24.0;
			};
		};
/* End XCRemoteSwiftPackageReference section */

/* Begin XCSwiftPackageProductDependency section */
		4C84F3BE2BDA175200AEB7A9 /* SDWebImageSwiftUI */ = {
			isa = XCSwiftPackageProductDependency;
			package = 4C84F3BD2BDA175200AEB7A9 /* XCRemoteSwiftPackageReference "SDWebImageSwiftUI" */;
			productName = SDWebImageSwiftUI;
		};
		4CEFCA612BD62EAF00CC0B4F /* FirebaseAnalytics */ = {
			isa = XCSwiftPackageProductDependency;
			package = 4CEFCA602BD62EAF00CC0B4F /* XCRemoteSwiftPackageReference "firebase-ios-sdk" */;
			productName = FirebaseAnalytics;
		};
		4CEFCA632BD62EAF00CC0B4F /* FirebaseAnalyticsOnDeviceConversion */ = {
			isa = XCSwiftPackageProductDependency;
			package = 4CEFCA602BD62EAF00CC0B4F /* XCRemoteSwiftPackageReference "firebase-ios-sdk" */;
			productName = FirebaseAnalyticsOnDeviceConversion;
		};
		4CEFCA652BD62EAF00CC0B4F /* FirebaseAnalyticsSwift */ = {
			isa = XCSwiftPackageProductDependency;
			package = 4CEFCA602BD62EAF00CC0B4F /* XCRemoteSwiftPackageReference "firebase-ios-sdk" */;
			productName = FirebaseAnalyticsSwift;
		};
		4CEFCA672BD62EAF00CC0B4F /* FirebaseAnalyticsWithoutAdIdSupport */ = {
			isa = XCSwiftPackageProductDependency;
			package = 4CEFCA602BD62EAF00CC0B4F /* XCRemoteSwiftPackageReference "firebase-ios-sdk" */;
			productName = FirebaseAnalyticsWithoutAdIdSupport;
		};
		4CEFCA692BD62EAF00CC0B4F /* FirebaseAppCheck */ = {
			isa = XCSwiftPackageProductDependency;
			package = 4CEFCA602BD62EAF00CC0B4F /* XCRemoteSwiftPackageReference "firebase-ios-sdk" */;
			productName = FirebaseAppCheck;
		};
		4CEFCA6B2BD62EAF00CC0B4F /* FirebaseAuth */ = {
			isa = XCSwiftPackageProductDependency;
			package = 4CEFCA602BD62EAF00CC0B4F /* XCRemoteSwiftPackageReference "firebase-ios-sdk" */;
			productName = FirebaseAuth;
		};
		4CEFCA6D2BD62EAF00CC0B4F /* FirebaseCrashlytics */ = {
			isa = XCSwiftPackageProductDependency;
			package = 4CEFCA602BD62EAF00CC0B4F /* XCRemoteSwiftPackageReference "firebase-ios-sdk" */;
			productName = FirebaseCrashlytics;
		};
		4CEFCA6F2BD62EAF00CC0B4F /* FirebaseDatabase */ = {
			isa = XCSwiftPackageProductDependency;
			package = 4CEFCA602BD62EAF00CC0B4F /* XCRemoteSwiftPackageReference "firebase-ios-sdk" */;
			productName = FirebaseDatabase;
		};
		4CEFCA712BD62EAF00CC0B4F /* FirebaseDatabaseSwift */ = {
			isa = XCSwiftPackageProductDependency;
			package = 4CEFCA602BD62EAF00CC0B4F /* XCRemoteSwiftPackageReference "firebase-ios-sdk" */;
			productName = FirebaseDatabaseSwift;
		};
		4CEFCA732BD62EAF00CC0B4F /* FirebaseFirestore */ = {
			isa = XCSwiftPackageProductDependency;
			package = 4CEFCA602BD62EAF00CC0B4F /* XCRemoteSwiftPackageReference "firebase-ios-sdk" */;
			productName = FirebaseFirestore;
		};
		4CEFCA752BD62EAF00CC0B4F /* FirebaseFirestoreSwift */ = {
			isa = XCSwiftPackageProductDependency;
			package = 4CEFCA602BD62EAF00CC0B4F /* XCRemoteSwiftPackageReference "firebase-ios-sdk" */;
			productName = FirebaseFirestoreSwift;
		};
/* End XCSwiftPackageProductDependency section */
	};
	rootObject = 98B898B82BD61C50007027A1 /* Project object */;
}
